// !$*UTF8*$!
{
	archiveVersion = 1;
	classes = {
	};
	objectVersion = 50;
	objects = {

/* Begin PBXBuildFile section */
		FB20C29021A48978009211B6 /* AppDelegate.swift in Sources */ = {isa = PBXBuildFile; fileRef = FB20C28F21A48978009211B6 /* AppDelegate.swift */; };
		FB20C29221A48978009211B6 /* TestVC.swift in Sources */ = {isa = PBXBuildFile; fileRef = FB20C29121A48978009211B6 /* TestVC.swift */; };
		FB20C29721A48979009211B6 /* Assets.xcassets in Resources */ = {isa = PBXBuildFile; fileRef = FB20C29621A48979009211B6 /* Assets.xcassets */; };
		FB20C29A21A48979009211B6 /* LaunchScreen.storyboard in Resources */ = {isa = PBXBuildFile; fileRef = FB20C29821A48979009211B6 /* LaunchScreen.storyboard */; };
		FB20C2A221A497B6009211B6 /* ContainerCollectionCell.swift in Sources */ = {isa = PBXBuildFile; fileRef = FB20C2A121A497B6009211B6 /* ContainerCollectionCell.swift */; };
		FB20C2A421A49C2A009211B6 /* ContainerCollectionHeader.swift in Sources */ = {isa = PBXBuildFile; fileRef = FB20C2A321A49C2A009211B6 /* ContainerCollectionHeader.swift */; };
		FB20C2A721A4C0E5009211B6 /* sunrise-1.png in Resources */ = {isa = PBXBuildFile; fileRef = FB20C2A621A4C0E5009211B6 /* sunrise-1.png */; };
/* End PBXBuildFile section */

/* Begin PBXFileReference section */
		FB20C28C21A48978009211B6 /* BunkTest.app */ = {isa = PBXFileReference; explicitFileType = wrapper.application; includeInIndex = 0; path = BunkTest.app; sourceTree = BUILT_PRODUCTS_DIR; };
		FB20C28F21A48978009211B6 /* AppDelegate.swift */ = {isa = PBXFileReference; lastKnownFileType = sourcecode.swift; path = AppDelegate.swift; sourceTree = "<group>"; };
		FB20C29121A48978009211B6 /* TestVC.swift */ = {isa = PBXFileReference; lastKnownFileType = sourcecode.swift; path = TestVC.swift; sourceTree = "<group>"; };
		FB20C29621A48979009211B6 /* Assets.xcassets */ = {isa = PBXFileReference; lastKnownFileType = folder.assetcatalog; path = Assets.xcassets; sourceTree = "<group>"; };
		FB20C29921A48979009211B6 /* Base */ = {isa = PBXFileReference; lastKnownFileType = file.storyboard; name = Base; path = Base.lproj/LaunchScreen.storyboard; sourceTree = "<group>"; };
		FB20C29B21A48979009211B6 /* Info.plist */ = {isa = PBXFileReference; lastKnownFileType = text.plist.xml; path = Info.plist; sourceTree = "<group>"; };
		FB20C2A121A497B6009211B6 /* ContainerCollectionCell.swift */ = {isa = PBXFileReference; lastKnownFileType = sourcecode.swift; path = ContainerCollectionCell.swift; sourceTree = "<group>"; };
		FB20C2A321A49C2A009211B6 /* ContainerCollectionHeader.swift */ = {isa = PBXFileReference; lastKnownFileType = sourcecode.swift; path = ContainerCollectionHeader.swift; sourceTree = "<group>"; };
		FB20C2A621A4C0E5009211B6 /* sunrise-1.png */ = {isa = PBXFileReference; lastKnownFileType = image.png; path = "sunrise-1.png"; sourceTree = "<group>"; };
/* End PBXFileReference section */

/* Begin PBXFrameworksBuildPhase section */
		FB20C28921A48978009211B6 /* Frameworks */ = {
			isa = PBXFrameworksBuildPhase;
			buildActionMask = 2147483647;
			files = (
			);
			runOnlyForDeploymentPostprocessing = 0;
		};
/* End PBXFrameworksBuildPhase section */

/* Begin PBXGroup section */
		FB20C28321A48978009211B6 = {
			isa = PBXGroup;
			children = (
				FB20C28E21A48978009211B6 /* BunkTest */,
				FB20C28D21A48978009211B6 /* Products */,
			);
			sourceTree = "<group>";
		};
		FB20C28D21A48978009211B6 /* Products */ = {
			isa = PBXGroup;
			children = (
				FB20C28C21A48978009211B6 /* BunkTest.app */,
			);
			name = Products;
			sourceTree = "<group>";
		};
		FB20C28E21A48978009211B6 /* BunkTest */ = {
			isa = PBXGroup;
			children = (
				FB20C2A521A4C089009211B6 /* Images */,
				FB20C28F21A48978009211B6 /* AppDelegate.swift */,
				FB20C29121A48978009211B6 /* TestVC.swift */,
				FB20C2A321A49C2A009211B6 /* ContainerCollectionHeader.swift */,
				FB20C2A121A497B6009211B6 /* ContainerCollectionCell.swift */,
				FB20C29621A48979009211B6 /* Assets.xcassets */,
				FB20C29821A48979009211B6 /* LaunchScreen.storyboard */,
				FB20C29B21A48979009211B6 /* Info.plist */,
			);
			path = BunkTest;
			sourceTree = "<group>";
		};
		FB20C2A521A4C089009211B6 /* Images */ = {
			isa = PBXGroup;
			children = (
				FB20C2A621A4C0E5009211B6 /* sunrise-1.png */,
			);
			path = Images;
			sourceTree = "<group>";
		};
/* End PBXGroup section */

/* Begin PBXNativeTarget section */
		FB20C28B21A48978009211B6 /* BunkTest */ = {
			isa = PBXNativeTarget;
			buildConfigurationList = FB20C29E21A48979009211B6 /* Build configuration list for PBXNativeTarget "BunkTest" */;
			buildPhases = (
				FB20C28821A48978009211B6 /* Sources */,
				FB20C28921A48978009211B6 /* Frameworks */,
				FB20C28A21A48978009211B6 /* Resources */,
			);
			buildRules = (
			);
			dependencies = (
			);
			name = BunkTest;
			productName = BunkTest;
			productReference = FB20C28C21A48978009211B6 /* BunkTest.app */;
			productType = "com.apple.product-type.application";
		};
/* End PBXNativeTarget section */

/* Begin PBXProject section */
		FB20C28421A48978009211B6 /* Project object */ = {
			isa = PBXProject;
			attributes = {
				LastSwiftUpdateCheck = 1010;
				LastUpgradeCheck = 1010;
				ORGANIZATIONNAME = "UseGIS Limited";
				TargetAttributes = {
					FB20C28B21A48978009211B6 = {
						CreatedOnToolsVersion = 10.1;
					};
				};
			};
			buildConfigurationList = FB20C28721A48978009211B6 /* Build configuration list for PBXProject "BunkTest" */;
			compatibilityVersion = "Xcode 9.3";
			developmentRegion = en;
			hasScannedForEncodings = 0;
			knownRegions = (
				en,
				Base,
			);
			mainGroup = FB20C28321A48978009211B6;
			productRefGroup = FB20C28D21A48978009211B6 /* Products */;
			projectDirPath = "";
			projectRoot = "";
			targets = (
				FB20C28B21A48978009211B6 /* BunkTest */,
			);
		};
/* End PBXProject section */

/* Begin PBXResourcesBuildPhase section */
		FB20C28A21A48978009211B6 /* Resources */ = {
			isa = PBXResourcesBuildPhase;
			buildActionMask = 2147483647;
			files = (
				FB20C2A721A4C0E5009211B6 /* sunrise-1.png in Resources */,
				FB20C29A21A48979009211B6 /* LaunchScreen.storyboard in Resources */,
				FB20C29721A48979009211B6 /* Assets.xcassets in Resources */,
			);
			runOnlyForDeploymentPostprocessing = 0;
		};
/* End PBXResourcesBuildPhase section */

/* Begin PBXSourcesBuildPhase section */
		FB20C28821A48978009211B6 /* Sources */ = {
			isa = PBXSourcesBuildPhase;
			buildActionMask = 2147483647;
			files = (
				FB20C29221A48978009211B6 /* TestVC.swift in Sources */,
				FB20C2A221A497B6009211B6 /* ContainerCollectionCell.swift in Sources */,
				FB20C2A421A49C2A009211B6 /* ContainerCollectionHeader.swift in Sources */,
				FB20C29021A48978009211B6 /* AppDelegate.swift in Sources */,
			);
			runOnlyForDeploymentPostprocessing = 0;
		};
/* End PBXSourcesBuildPhase section */

/* Begin PBXVariantGroup section */
		FB20C29821A48979009211B6 /* LaunchScreen.storyboard */ = {
			isa = PBXVariantGroup;
			children = (
				FB20C29921A48979009211B6 /* Base */,
			);
			name = LaunchScreen.storyboard;
			sourceTree = "<group>";
		};
/* End PBXVariantGroup section */

/* Begin XCBuildConfiguration section */
		FB20C29C21A48979009211B6 /* Debug */ = {
			isa = XCBuildConfiguration;
			buildSettings = {
				ALWAYS_SEARCH_USER_PATHS = NO;
				CLANG_ANALYZER_NONNULL = YES;
				CLANG_ANALYZER_NUMBER_OBJECT_CONVERSION = YES_AGGRESSIVE;
				CLANG_CXX_LANGUAGE_STANDARD = "gnu++14";
				CLANG_CXX_LIBRARY = "libc++";
				CLANG_ENABLE_MODULES = YES;
				CLANG_ENABLE_OBJC_ARC = YES;
				CLANG_ENABLE_OBJC_WEAK = YES;
				CLANG_WARN_BLOCK_CAPTURE_AUTORELEASING = YES;
				CLANG_WARN_BOOL_CONVERSION = YES;
				CLANG_WARN_COMMA = YES;
				CLANG_WARN_CONSTANT_CONVERSION = YES;
				CLANG_WARN_DEPRECATED_OBJC_IMPLEMENTATIONS = YES;
				CLANG_WARN_DIRECT_OBJC_ISA_USAGE = YES_ERROR;
				CLANG_WARN_DOCUMENTATION_COMMENTS = YES;
				CLANG_WARN_EMPTY_BODY = YES;
				CLANG_WARN_ENUM_CONVERSION = YES;
				CLANG_WARN_INFINITE_RECURSION = YES;
				CLANG_WARN_INT_CONVERSION = YES;
				CLANG_WARN_NON_LITERAL_NULL_CONVERSION = YES;
				CLANG_WARN_OBJC_IMPLICIT_RETAIN_SELF = YES;
				CLANG_WARN_OBJC_LITERAL_CONVERSION = YES;
				CLANG_WARN_OBJC_ROOT_CLASS = YES_ERROR;
				CLANG_WARN_RANGE_LOOP_ANALYSIS = YES;
				CLANG_WARN_STRICT_PROTOTYPES = YES;
				CLANG_WARN_SUSPICIOUS_MOVE = YES;
				CLANG_WARN_UNGUARDED_AVAILABILITY = YES_AGGRESSIVE;
				CLANG_WARN_UNREACHABLE_CODE = YES;
				CLANG_WARN__DUPLICATE_METHOD_MATCH = YES;
				CODE_SIGN_IDENTITY = "iPhone Developer";
				COPY_PHASE_STRIP = NO;
				DEBUG_INFORMATION_FORMAT = dwarf;
				ENABLE_STRICT_OBJC_MSGSEND = YES;
				ENABLE_TESTABILITY = YES;
				GCC_C_LANGUAGE_STANDARD = gnu11;
				GCC_DYNAMIC_NO_PIC = NO;
				GCC_NO_COMMON_BLOCKS = YES;
				GCC_OPTIMIZATION_LEVEL = 0;
				GCC_PREPROCESSOR_DEFINITIONS = (
					"DEBUG=1",
					"$(inherited)",
				);
				GCC_WARN_64_TO_32_BIT_CONVERSION = YES;
				GCC_WARN_ABOUT_RETURN_TYPE = YES_ERROR;
				GCC_WARN_UNDECLARED_SELECTOR = YES;
				GCC_WARN_UNINITIALIZED_AUTOS = YES_AGGRESSIVE;
				GCC_WARN_UNUSED_FUNCTION = YES;
				GCC_WARN_UNUSED_VARIABLE = YES;
				IPHONEOS_DEPLOYMENT_TARGET = 12.1;
				MTL_ENABLE_DEBUG_INFO = INCLUDE_SOURCE;
				MTL_FAST_MATH = YES;
				ONLY_ACTIVE_ARCH = YES;
				SDKROOT = iphoneos;
				SWIFT_ACTIVE_COMPILATION_CONDITIONS = DEBUG;
				SWIFT_OPTIMIZATION_LEVEL = "-Onone";
			};
			name = Debug;
		};
		FB20C29D21A48979009211B6 /* Release */ = {
			isa = XCBuildConfiguration;
			buildSettings = {
				ALWAYS_SEARCH_USER_PATHS = NO;
				CLANG_ANALYZER_NONNULL = YES;
				CLANG_ANALYZER_NUMBER_OBJECT_CONVERSION = YES_AGGRESSIVE;
				CLANG_CXX_LANGUAGE_STANDARD = "gnu++14";
				CLANG_CXX_LIBRARY = "libc++";
				CLANG_ENABLE_MODULES = YES;
				CLANG_ENABLE_OBJC_ARC = YES;
				CLANG_ENABLE_OBJC_WEAK = YES;
				CLANG_WARN_BLOCK_CAPTURE_AUTORELEASING = YES;
				CLANG_WARN_BOOL_CONVERSION = YES;
				CLANG_WARN_COMMA = YES;
				CLANG_WARN_CONSTANT_CONVERSION = YES;
				CLANG_WARN_DEPRECATED_OBJC_IMPLEMENTATIONS = YES;
				CLANG_WARN_DIRECT_OBJC_ISA_USAGE = YES_ERROR;
				CLANG_WARN_DOCUMENTATION_COMMENTS = YES;
				CLANG_WARN_EMPTY_BODY = YES;
				CLANG_WARN_ENUM_CONVERSION = YES;
				CLANG_WARN_INFINITE_RECURSION = YES;
				CLANG_WARN_INT_CONVERSION = YES;
				CLANG_WARN_NON_LITERAL_NULL_CONVERSION = YES;
				CLANG_WARN_OBJC_IMPLICIT_RETAIN_SELF = YES;
				CLANG_WARN_OBJC_LITERAL_CONVERSION = YES;
				CLANG_WARN_OBJC_ROOT_CLASS = YES_ERROR;
				CLANG_WARN_RANGE_LOOP_ANALYSIS = YES;
				CLANG_WARN_STRICT_PROTOTYPES = YES;
				CLANG_WARN_SUSPICIOUS_MOVE = YES;
				CLANG_WARN_UNGUARDED_AVAILABILITY = YES_AGGRESSIVE;
				CLANG_WARN_UNREACHABLE_CODE = YES;
				CLANG_WARN__DUPLICATE_METHOD_MATCH = YES;
				CODE_SIGN_IDENTITY = "iPhone Developer";
				COPY_PHASE_STRIP = NO;
				DEBUG_INFORMATION_FORMAT = "dwarf-with-dsym";
				ENABLE_NS_ASSERTIONS = NO;
				ENABLE_STRICT_OBJC_MSGSEND = YES;
				GCC_C_LANGUAGE_STANDARD = gnu11;
				GCC_NO_COMMON_BLOCKS = YES;
				GCC_WARN_64_TO_32_BIT_CONVERSION = YES;
				GCC_WARN_ABOUT_RETURN_TYPE = YES_ERROR;
				GCC_WARN_UNDECLARED_SELECTOR = YES;
				GCC_WARN_UNINITIALIZED_AUTOS = YES_AGGRESSIVE;
				GCC_WARN_UNUSED_FUNCTION = YES;
				GCC_WARN_UNUSED_VARIABLE = YES;
				IPHONEOS_DEPLOYMENT_TARGET = 12.1;
				MTL_ENABLE_DEBUG_INFO = NO;
				MTL_FAST_MATH = YES;
				SDKROOT = iphoneos;
				SWIFT_COMPILATION_MODE = wholemodule;
				SWIFT_OPTIMIZATION_LEVEL = "-O";
				VALIDATE_PRODUCT = YES;
			};
			name = Release;
		};
		FB20C29F21A48979009211B6 /* Debug */ = {
			isa = XCBuildConfiguration;
			buildSettings = {
				ASSETCATALOG_COMPILER_APPICON_NAME = AppIcon;
				CODE_SIGN_STYLE = Automatic;
				INFOPLIST_FILE = BunkTest/Info.plist;
				LD_RUNPATH_SEARCH_PATHS = (
					"$(inherited)",
					"@executable_path/Frameworks",
				);
				PRODUCT_BUNDLE_IDENTIFIER = uk.co.usegis.BunkTest;
				PRODUCT_NAME = "$(TARGET_NAME)";
				SWIFT_VERSION = 4.2;
				TARGETED_DEVICE_FAMILY = "1,2";
			};
			name = Debug;
		};
		FB20C2A021A48979009211B6 /* Release */ = {
			isa = XCBuildConfiguration;
			buildSettings = {
				ASSETCATALOG_COMPILER_APPICON_NAME = AppIcon;
				CODE_SIGN_STYLE = Automatic;
				INFOPLIST_FILE = BunkTest/Info.plist;
				LD_RUNPATH_SEARCH_PATHS = (
					"$(inherited)",
					"@executable_path/Frameworks",
				);
				PRODUCT_BUNDLE_IDENTIFIER = uk.co.usegis.BunkTest;
				PRODUCT_NAME = "$(TARGET_NAME)";
				SWIFT_VERSION = 4.2;
				TARGETED_DEVICE_FAMILY = "1,2";
			};
			name = Release;
		};
/* End XCBuildConfiguration section */

/* Begin XCConfigurationList section */
		FB20C28721A48978009211B6 /* Build configuration list for PBXProject "BunkTest" */ = {
			isa = XCConfigurationList;
			buildConfigurations = (
				FB20C29C21A48979009211B6 /* Debug */,
				FB20C29D21A48979009211B6 /* Release */,
			);
			defaultConfigurationIsVisible = 0;
			defaultConfigurationName = Release;
		};
		FB20C29E21A48979009211B6 /* Build configuration list for PBXNativeTarget "BunkTest" */ = {
			isa = XCConfigurationList;
			buildConfigurations = (
				FB20C29F21A48979009211B6 /* Debug */,
				FB20C2A021A48979009211B6 /* Release */,
			);
			defaultConfigurationIsVisible = 0;
			defaultConfigurationName = Release;
		};
/* End XCConfigurationList section */
	};
	rootObject = FB20C28421A48978009211B6 /* Project object */;
}
